
Microsoft Visual Studio Solution File, Format Version 12.00
# Visual Studio Version 16
VisualStudioVersion = 25.0.1704.3
MinimumVisualStudioVersion = 10.0.40219.1
Project("{FAE04EC0-301F-11D3-BF4B-00C04F79EFBC}") = "WeatherAPI", "WeatherAPI\WeatherAPI.csproj", "{C5764B48-BB7D-4401-A1A7-54DFB721B5F7}"
EndProject
Global
	GlobalSection(SolutionConfigurationPlatforms) = preSolution
		Debug|Any CPU = Debug|Any CPU
		Release|Any CPU = Release|Any CPU
	EndGlobalSection
	GlobalSection(ProjectConfigurationPlatforms) = postSolution
		{C5764B48-BB7D-4401-A1A7-54DFB721B5F7}.Debug|Any CPU.ActiveCfg = Debug|Any CPU
		{C5764B48-BB7D-4401-A1A7-54DFB721B5F7}.Debug|Any CPU.Build.0 = Debug|Any CPU
		{C5764B48-BB7D-4401-A1A7-54DFB721B5F7}.Release|Any CPU.ActiveCfg = Release|Any CPU
		{C5764B48-BB7D-4401-A1A7-54DFB721B5F7}.Release|Any CPU.Build.0 = Release|Any CPU
	EndGlobalSection
	GlobalSection(SolutionProperties) = preSolution
		HideSolutionNode = FALSE
	EndGlobalSection
	GlobalSection(ExtensibilityGlobals) = postSolution
		SolutionGuid = {EAD9F405-7C54-4A69-8C6C-A24BAC654B67}
	EndGlobalSection
EndGlobal
